
Microsoft Visual Studio Solution File, Format Version 12.00
# Visual Studio Version 17
VisualStudioVersion = 17.0.31903.59
MinimumVisualStudioVersion = 10.0.40219.1
Project("{2150E333-8FDC-42A3-9474-1A3956D46DE8}") = "src", "src", "{827E0CD3-B72D-47B6-A68D-7590B98EB39B}"
EndProject
Project("{FAE04EC0-301F-11D3-BF4B-00C04F79EFBC}") = "SamsungSwitchWatch.Agent", "src\SamsungSwitchWatch.Agent\SamsungSwitchWatch.Agent.csproj", "{9074150C-BDA1-49CC-B79D-1E688220250D}"
EndProject
Project("{FAE04EC0-301F-11D3-BF4B-00C04F79EFBC}") = "SamsungSwitchWatch.Core", "src\SamsungSwitchWatch.Core\SamsungSwitchWatch.Core.csproj", "{2627ABD2-58BE-4E0A-A620-DD593FF438E5}"
EndProject
Project("{2150E333-8FDC-42A3-9474-1A3956D46DE8}") = "tests", "tests", "{0AB3BF05-4346-4AA6-1389-037BE0695223}"
EndProject
Project("{FAE04EC0-301F-11D3-BF4B-00C04F79EFBC}") = "SamsungSwitchWatch.Agent.Tests", "tests\SamsungSwitchWatch.Agent.Tests\SamsungSwitchWatch.Agent.Tests.csproj", "{4385ED14-089B-42AB-890D-D58850D1BDA0}"
EndProject
Project("{FAE04EC0-301F-11D3-BF4B-00C04F79EFBC}") = "SamsungSwitchWatch.Core.Tests", "tests\SamsungSwitchWatch.Core.Tests\SamsungSwitchWatch.Core.Tests.csproj", "{657C6BA6-2D24-4701-BCB5-1FFFF3D5DF2B}"
EndProject
Project("{FAE04EC0-301F-11D3-BF4B-00C04F79EFBC}") = "SamsungSwitchWatch.Viewer", "src\SamsungSwitchWatch.Viewer\SamsungSwitchWatch.Viewer.csproj", "{AD4072D1-DB2E-445B-A680-2E9A751CDBD4}"
EndProject
Project("{FAE04EC0-301F-11D3-BF4B-00C04F79EFBC}") = "SamsungSwitchWatch.Viewer.Tests", "tests\SamsungSwitchWatch.Viewer.Tests\SamsungSwitchWatch.Viewer.Tests.csproj", "{E4DB99A6-20C1-4825-8FC6-52E657AF9D72}"
EndProject
Global
	GlobalSection(SolutionConfigurationPlatforms) = preSolution
		Debug|Any CPU = Debug|Any CPU
		Debug|x64 = Debug|x64
		Debug|x86 = Debug|x86
		Release|Any CPU = Release|Any CPU
		Release|x64 = Release|x64
		Release|x86 = Release|x86
	EndGlobalSection
	GlobalSection(ProjectConfigurationPlatforms) = postSolution
		{9074150C-BDA1-49CC-B79D-1E688220250D}.Debug|Any CPU.ActiveCfg = Debug|Any CPU
		{9074150C-BDA1-49CC-B79D-1E688220250D}.Debug|Any CPU.Build.0 = Debug|Any CPU
		{9074150C-BDA1-49CC-B79D-1E688220250D}.Debug|x64.ActiveCfg = Debug|Any CPU
		{9074150C-BDA1-49CC-B79D-1E688220250D}.Debug|x64.Build.0 = Debug|Any CPU
		{9074150C-BDA1-49CC-B79D-1E688220250D}.Debug|x86.ActiveCfg = Debug|Any CPU
		{9074150C-BDA1-49CC-B79D-1E688220250D}.Debug|x86.Build.0 = Debug|Any CPU
		{9074150C-BDA1-49CC-B79D-1E688220250D}.Release|Any CPU.ActiveCfg = Release|Any CPU
		{9074150C-BDA1-49CC-B79D-1E688220250D}.Release|Any CPU.Build.0 = Release|Any CPU
		{9074150C-BDA1-49CC-B79D-1E688220250D}.Release|x64.ActiveCfg = Release|Any CPU
		{9074150C-BDA1-49CC-B79D-1E688220250D}.Release|x64.Build.0 = Release|Any CPU
		{9074150C-BDA1-49CC-B79D-1E688220250D}.Release|x86.ActiveCfg = Release|Any CPU
		{9074150C-BDA1-49CC-B79D-1E688220250D}.Release|x86.Build.0 = Release|Any CPU
		{2627ABD2-58BE-4E0A-A620-DD593FF438E5}.Debug|Any CPU.ActiveCfg = Debug|Any CPU
		{2627ABD2-58BE-4E0A-A620-DD593FF438E5}.Debug|Any CPU.Build.0 = Debug|Any CPU
		{2627ABD2-58BE-4E0A-A620-DD593FF438E5}.Debug|x64.ActiveCfg = Debug|Any CPU
		{2627ABD2-58BE-4E0A-A620-DD593FF438E5}.Debug|x64.Build.0 = Debug|Any CPU
		{2627ABD2-58BE-4E0A-A620-DD593FF438E5}.Debug|x86.ActiveCfg = Debug|Any CPU
		{2627ABD2-58BE-4E0A-A620-DD593FF438E5}.Debug|x86.Build.0 = Debug|Any CPU
		{2627ABD2-58BE-4E0A-A620-DD593FF438E5}.Release|Any CPU.ActiveCfg = Release|Any CPU
		{2627ABD2-58BE-4E0A-A620-DD593FF438E5}.Release|Any CPU.Build.0 = Release|Any CPU
		{2627ABD2-58BE-4E0A-A620-DD593FF438E5}.Release|x64.ActiveCfg = Release|Any CPU
		{2627ABD2-58BE-4E0A-A620-DD593FF438E5}.Release|x64.Build.0 = Release|Any CPU
		{2627ABD2-58BE-4E0A-A620-DD593FF438E5}.Release|x86.ActiveCfg = Release|Any CPU
		{2627ABD2-58BE-4E0A-A620-DD593FF438E5}.Release|x86.Build.0 = Release|Any CPU
		{4385ED14-089B-42AB-890D-D58850D1BDA0}.Debug|Any CPU.ActiveCfg = Debug|Any CPU
		{4385ED14-089B-42AB-890D-D58850D1BDA0}.Debug|Any CPU.Build.0 = Debug|Any CPU
		{4385ED14-089B-42AB-890D-D58850D1BDA0}.Debug|x64.ActiveCfg = Debug|Any CPU
		{4385ED14-089B-42AB-890D-D58850D1BDA0}.Debug|x64.Build.0 = Debug|Any CPU
		{4385ED14-089B-42AB-890D-D58850D1BDA0}.Debug|x86.ActiveCfg = Debug|Any CPU
		{4385ED14-089B-42AB-890D-D58850D1BDA0}.Debug|x86.Build.0 = Debug|Any CPU
		{4385ED14-089B-42AB-890D-D58850D1BDA0}.Release|Any CPU.ActiveCfg = Release|Any CPU
		{4385ED14-089B-42AB-890D-D58850D1BDA0}.Release|Any CPU.Build.0 = Release|Any CPU
		{4385ED14-089B-42AB-890D-D58850D1BDA0}.Release|x64.ActiveCfg = Release|Any CPU
		{4385ED14-089B-42AB-890D-D58850D1BDA0}.Release|x64.Build.0 = Release|Any CPU
		{4385ED14-089B-42AB-890D-D58850D1BDA0}.Release|x86.ActiveCfg = Release|Any CPU
		{4385ED14-089B-42AB-890D-D58850D1BDA0}.Release|x86.Build.0 = Release|Any CPU
		{657C6BA6-2D24-4701-BCB5-1FFFF3D5DF2B}.Debug|Any CPU.ActiveCfg = Debug|Any CPU
		{657C6BA6-2D24-4701-BCB5-1FFFF3D5DF2B}.Debug|Any CPU.Build.0 = Debug|Any CPU
		{657C6BA6-2D24-4701-BCB5-1FFFF3D5DF2B}.Debug|x64.ActiveCfg = Debug|Any CPU
		{657C6BA6-2D24-4701-BCB5-1FFFF3D5DF2B}.Debug|x64.Build.0 = Debug|Any CPU
		{657C6BA6-2D24-4701-BCB5-1FFFF3D5DF2B}.Debug|x86.ActiveCfg = Debug|Any CPU
		{657C6BA6-2D24-4701-BCB5-1FFFF3D5DF2B}.Debug|x86.Build.0 = Debug|Any CPU
		{657C6BA6-2D24-4701-BCB5-1FFFF3D5DF2B}.Release|Any CPU.ActiveCfg = Release|Any CPU
		{657C6BA6-2D24-4701-BCB5-1FFFF3D5DF2B}.Release|Any CPU.Build.0 = Release|Any CPU
		{657C6BA6-2D24-4701-BCB5-1FFFF3D5DF2B}.Release|x64.ActiveCfg = Release|Any CPU
		{657C6BA6-2D24-4701-BCB5-1FFFF3D5DF2B}.Release|x64.Build.0 = Release|Any CPU
		{657C6BA6-2D24-4701-BCB5-1FFFF3D5DF2B}.Release|x86.ActiveCfg = Release|Any CPU
		{657C6BA6-2D24-4701-BCB5-1FFFF3D5DF2B}.Release|x86.Build.0 = Release|Any CPU
		{AD4072D1-DB2E-445B-A680-2E9A751CDBD4}.Debug|Any CPU.ActiveCfg = Debug|Any CPU
		{AD4072D1-DB2E-445B-A680-2E9A751CDBD4}.Debug|Any CPU.Build.0 = Debug|Any CPU
		{AD4072D1-DB2E-445B-A680-2E9A751CDBD4}.Debug|x64.ActiveCfg = Debug|Any CPU
		{AD4072D1-DB2E-445B-A680-2E9A751CDBD4}.Debug|x64.Build.0 = Debug|Any CPU
		{AD4072D1-DB2E-445B-A680-2E9A751CDBD4}.Debug|x86.ActiveCfg = Debug|Any CPU
		{AD4072D1-DB2E-445B-A680-2E9A751CDBD4}.Debug|x86.Build.0 = Debug|Any CPU
		{AD4072D1-DB2E-445B-A680-2E9A751CDBD4}.Release|Any CPU.ActiveCfg = Release|Any CPU
		{AD4072D1-DB2E-445B-A680-2E9A751CDBD4}.Release|Any CPU.Build.0 = Release|Any CPU
		{AD4072D1-DB2E-445B-A680-2E9A751CDBD4}.Release|x64.ActiveCfg = Release|Any CPU
		{AD4072D1-DB2E-445B-A680-2E9A751CDBD4}.Release|x64.Build.0 = Release|Any CPU
		{AD4072D1-DB2E-445B-A680-2E9A751CDBD4}.Release|x86.ActiveCfg = Release|Any CPU
		{AD4072D1-DB2E-445B-A680-2E9A751CDBD4}.Release|x86.Build.0 = Release|Any CPU
		{E4DB99A6-20C1-4825-8FC6-52E657AF9D72}.Debug|Any CPU.ActiveCfg = Debug|Any CPU
		{E4DB99A6-20C1-4825-8FC6-52E657AF9D72}.Debug|Any CPU.Build.0 = Debug|Any CPU
		{E4DB99A6-20C1-4825-8FC6-52E657AF9D72}.Debug|x64.ActiveCfg = Debug|Any CPU
		{E4DB99A6-20C1-4825-8FC6-52E657AF9D72}.Debug|x64.Build.0 = Debug|Any CPU
		{E4DB99A6-20C1-4825-8FC6-52E657AF9D72}.Debug|x86.ActiveCfg = Debug|Any CPU
		{E4DB99A6-20C1-4825-8FC6-52E657AF9D72}.Debug|x86.Build.0 = Debug|Any CPU
		{E4DB99A6-20C1-4825-8FC6-52E657AF9D72}.Release|Any CPU.ActiveCfg = Release|Any CPU
		{E4DB99A6-20C1-4825-8FC6-52E657AF9D72}.Release|Any CPU.Build.0 = Release|Any CPU
		{E4DB99A6-20C1-4825-8FC6-52E657AF9D72}.Release|x64.ActiveCfg = Release|Any CPU
		{E4DB99A6-20C1-4825-8FC6-52E657AF9D72}.Release|x64.Build.0 = Release|Any CPU
		{E4DB99A6-20C1-4825-8FC6-52E657AF9D72}.Release|x86.ActiveCfg = Release|Any CPU
		{E4DB99A6-20C1-4825-8FC6-52E657AF9D72}.Release|x86.Build.0 = Release|Any CPU
	EndGlobalSection
	GlobalSection(SolutionProperties) = preSolution
		HideSolutionNode = FALSE
	EndGlobalSection
	GlobalSection(NestedProjects) = preSolution
		{9074150C-BDA1-49CC-B79D-1E688220250D} = {827E0CD3-B72D-47B6-A68D-7590B98EB39B}
		{2627ABD2-58BE-4E0A-A620-DD593FF438E5} = {827E0CD3-B72D-47B6-A68D-7590B98EB39B}
		{4385ED14-089B-42AB-890D-D58850D1BDA0} = {0AB3BF05-4346-4AA6-1389-037BE0695223}
		{657C6BA6-2D24-4701-BCB5-1FFFF3D5DF2B} = {0AB3BF05-4346-4AA6-1389-037BE0695223}
		{AD4072D1-DB2E-445B-A680-2E9A751CDBD4} = {827E0CD3-B72D-47B6-A68D-7590B98EB39B}
		{E4DB99A6-20C1-4825-8FC6-52E657AF9D72} = {0AB3BF05-4346-4AA6-1389-037BE0695223}
	EndGlobalSection
EndGlobal
